// !$*UTF8*$!
{
	archiveVersion = 1;
	classes = {
	};
	objectVersion = 55;
	objects = {

/* Begin PBXBuildFile section */
		45ACDD5A27749F94002FD587 /* AppDelegate.swift in Sources */ = {isa = PBXBuildFile; fileRef = 45ACDD5927749F94002FD587 /* AppDelegate.swift */; };
		45ACDD5E27749F94002FD587 /* ViewController.swift in Sources */ = {isa = PBXBuildFile; fileRef = 45ACDD5D27749F94002FD587 /* ViewController.swift */; };
		45ACDD6127749F94002FD587 /* Main.storyboard in Resources */ = {isa = PBXBuildFile; fileRef = 45ACDD5F27749F94002FD587 /* Main.storyboard */; };
		45ACDD6327749F95002FD587 /* Assets.xcassets in Resources */ = {isa = PBXBuildFile; fileRef = 45ACDD6227749F95002FD587 /* Assets.xcassets */; };
		45ACDD6627749F95002FD587 /* LaunchScreen.storyboard in Resources */ = {isa = PBXBuildFile; fileRef = 45ACDD6427749F95002FD587 /* LaunchScreen.storyboard */; };
		45ACDD7127749F95002FD587 /* DecoratorTests.swift in Sources */ = {isa = PBXBuildFile; fileRef = 45ACDD7027749F95002FD587 /* DecoratorTests.swift */; };
		45ACDD7B27749F95002FD587 /* Decorator_MediumUITests.swift in Sources */ = {isa = PBXBuildFile; fileRef = 45ACDD7A27749F95002FD587 /* Decorator_MediumUITests.swift */; };
		45ACDD7D27749F95002FD587 /* Decorator_MediumUITestsLaunchTests.swift in Sources */ = {isa = PBXBuildFile; fileRef = 45ACDD7C27749F95002FD587 /* Decorator_MediumUITestsLaunchTests.swift */; };
		45ACDD8A2774C4F4002FD587 /* ViewControllerDecoratorInterface.swift in Sources */ = {isa = PBXBuildFile; fileRef = 45ACDD892774C4F4002FD587 /* ViewControllerDecoratorInterface.swift */; };
		45ACDD8C2774C706002FD587 /* ViewControllerInjector.swift in Sources */ = {isa = PBXBuildFile; fileRef = 45ACDD8B2774C706002FD587 /* ViewControllerInjector.swift */; };
/* End PBXBuildFile section */

/* Begin PBXContainerItemProxy section */
		45ACDD6D27749F95002FD587 /* PBXContainerItemProxy */ = {
			isa = PBXContainerItemProxy;
			containerPortal = 45ACDD4E27749F93002FD587 /* Project object */;
			proxyType = 1;
			remoteGlobalIDString = 45ACDD5527749F94002FD587;
			remoteInfo = Decorator_Medium;
		};
		45ACDD7727749F95002FD587 /* PBXContainerItemProxy */ = {
			isa = PBXContainerItemProxy;
			containerPortal = 45ACDD4E27749F93002FD587 /* Project object */;
			proxyType = 1;
			remoteGlobalIDString = 45ACDD5527749F94002FD587;
			remoteInfo = Decorator_Medium;
		};
/* End PBXContainerItemProxy section */

/* Begin PBXFileReference section */
		45ACDD5627749F94002FD587 /* Decorator_Medium.app */ = {isa = PBXFileReference; explicitFileType = wrapper.application; includeInIndex = 0; path = Decorator_Medium.app; sourceTree = BUILT_PRODUCTS_DIR; };
		45ACDD5927749F94002FD587 /* AppDelegate.swift */ = {isa = PBXFileReference; lastKnownFileType = sourcecode.swift; path = AppDelegate.swift; sourceTree = "<group>"; };
		45ACDD5D27749F94002FD587 /* ViewController.swift */ = {isa = PBXFileReference; lastKnownFileType = sourcecode.swift; path = ViewController.swift; sourceTree = "<group>"; };
		45ACDD6027749F94002FD587 /* Base */ = {isa = PBXFileReference; lastKnownFileType = file.storyboard; name = Base; path = Base.lproj/Main.storyboard; sourceTree = "<group>"; };
		45ACDD6227749F95002FD587 /* Assets.xcassets */ = {isa = PBXFileReference; lastKnownFileType = folder.assetcatalog; path = Assets.xcassets; sourceTree = "<group>"; };
		45ACDD6527749F95002FD587 /* Base */ = {isa = PBXFileReference; lastKnownFileType = file.storyboard; name = Base; path = Base.lproj/LaunchScreen.storyboard; sourceTree = "<group>"; };
		45ACDD6727749F95002FD587 /* Info.plist */ = {isa = PBXFileReference; lastKnownFileType = text.plist.xml; path = Info.plist; sourceTree = "<group>"; };
		45ACDD6C27749F95002FD587 /* Decorator_MediumTests.xctest */ = {isa = PBXFileReference; explicitFileType = wrapper.cfbundle; includeInIndex = 0; path = Decorator_MediumTests.xctest; sourceTree = BUILT_PRODUCTS_DIR; };
		45ACDD7027749F95002FD587 /* DecoratorTests.swift */ = {isa = PBXFileReference; lastKnownFileType = sourcecode.swift; path = DecoratorTests.swift; sourceTree = "<group>"; };
		45ACDD7627749F95002FD587 /* Decorator_MediumUITests.xctest */ = {isa = PBXFileReference; explicitFileType = wrapper.cfbundle; includeInIndex = 0; path = Decorator_MediumUITests.xctest; sourceTree = BUILT_PRODUCTS_DIR; };
		45ACDD7A27749F95002FD587 /* Decorator_MediumUITests.swift */ = {isa = PBXFileReference; lastKnownFileType = sourcecode.swift; path = Decorator_MediumUITests.swift; sourceTree = "<group>"; };
		45ACDD7C27749F95002FD587 /* Decorator_MediumUITestsLaunchTests.swift */ = {isa = PBXFileReference; lastKnownFileType = sourcecode.swift; path = Decorator_MediumUITestsLaunchTests.swift; sourceTree = "<group>"; };
		45ACDD892774C4F4002FD587 /* ViewControllerDecoratorInterface.swift */ = {isa = PBXFileReference; lastKnownFileType = sourcecode.swift; path = ViewControllerDecoratorInterface.swift; sourceTree = "<group>"; };
		45ACDD8B2774C706002FD587 /* ViewControllerInjector.swift */ = {isa = PBXFileReference; lastKnownFileType = sourcecode.swift; path = ViewControllerInjector.swift; sourceTree = "<group>"; };
/* End PBXFileReference section */

/* Begin PBXFrameworksBuildPhase section */
		45ACDD5327749F94002FD587 /* Frameworks */ = {
			isa = PBXFrameworksBuildPhase;
			buildActionMask = 2147483647;
			files = (
			);
			runOnlyForDeploymentPostprocessing = 0;
		};
		45ACDD6927749F95002FD587 /* Frameworks */ = {
			isa = PBXFrameworksBuildPhase;
			buildActionMask = 2147483647;
			files = (
			);
			runOnlyForDeploymentPostprocessing = 0;
		};
		45ACDD7327749F95002FD587 /* Frameworks */ = {
			isa = PBXFrameworksBuildPhase;
			buildActionMask = 2147483647;
			files = (
			);
			runOnlyForDeploymentPostprocessing = 0;
		};
/* End PBXFrameworksBuildPhase section */

/* Begin PBXGroup section */
		45ACDD4D27749F93002FD587 = {
			isa = PBXGroup;
			children = (
				45ACDD5827749F94002FD587 /* Decorator_Medium */,
				45ACDD6F27749F95002FD587 /* Decorator_MediumTests */,
				45ACDD7927749F95002FD587 /* Decorator_MediumUITests */,
				45ACDD5727749F94002FD587 /* Products */,
			);
			sourceTree = "<group>";
		};
		45ACDD5727749F94002FD587 /* Products */ = {
			isa = PBXGroup;
			children = (
				45ACDD5627749F94002FD587 /* Decorator_Medium.app */,
				45ACDD6C27749F95002FD587 /* Decorator_MediumTests.xctest */,
				45ACDD7627749F95002FD587 /* Decorator_MediumUITests.xctest */,
			);
			name = Products;
			sourceTree = "<group>";
		};
		45ACDD5827749F94002FD587 /* Decorator_Medium */ = {
			isa = PBXGroup;
			children = (
				45ACDD5927749F94002FD587 /* AppDelegate.swift */,
				45ACDD5D27749F94002FD587 /* ViewController.swift */,
				45ACDD892774C4F4002FD587 /* ViewControllerDecoratorInterface.swift */,
				45ACDD8B2774C706002FD587 /* ViewControllerInjector.swift */,
				45ACDD5F27749F94002FD587 /* Main.storyboard */,
				45ACDD6227749F95002FD587 /* Assets.xcassets */,
				45ACDD6427749F95002FD587 /* LaunchScreen.storyboard */,
				45ACDD6727749F95002FD587 /* Info.plist */,
			);
			path = Decorator_Medium;
			sourceTree = "<group>";
		};
		45ACDD6F27749F95002FD587 /* Decorator_MediumTests */ = {
			isa = PBXGroup;
			children = (
				45ACDD7027749F95002FD587 /* DecoratorTests.swift */,
			);
			path = Decorator_MediumTests;
			sourceTree = "<group>";
		};
		45ACDD7927749F95002FD587 /* Decorator_MediumUITests */ = {
			isa = PBXGroup;
			children = (
				45ACDD7A27749F95002FD587 /* Decorator_MediumUITests.swift */,
				45ACDD7C27749F95002FD587 /* Decorator_MediumUITestsLaunchTests.swift */,
			);
			path = Decorator_MediumUITests;
			sourceTree = "<group>";
		};
/* End PBXGroup section */

/* Begin PBXNativeTarget section */
		45ACDD5527749F94002FD587 /* Decorator_Medium */ = {
			isa = PBXNativeTarget;
			buildConfigurationList = 45ACDD8027749F95002FD587 /* Build configuration list for PBXNativeTarget "Decorator_Medium" */;
			buildPhases = (
				45ACDD5227749F94002FD587 /* Sources */,
				45ACDD5327749F94002FD587 /* Frameworks */,
				45ACDD5427749F94002FD587 /* Resources */,
			);
			buildRules = (
			);
			dependencies = (
			);
			name = Decorator_Medium;
			productName = Decorator_Medium;
			productReference = 45ACDD5627749F94002FD587 /* Decorator_Medium.app */;
			productType = "com.apple.product-type.application";
		};
		45ACDD6B27749F95002FD587 /* Decorator_MediumTests */ = {
			isa = PBXNativeTarget;
			buildConfigurationList = 45ACDD8327749F95002FD587 /* Build configuration list for PBXNativeTarget "Decorator_MediumTests" */;
			buildPhases = (
				45ACDD6827749F95002FD587 /* Sources */,
				45ACDD6927749F95002FD587 /* Frameworks */,
				45ACDD6A27749F95002FD587 /* Resources */,
			);
			buildRules = (
			);
			dependencies = (
				45ACDD6E27749F95002FD587 /* PBXTargetDependency */,
			);
			name = Decorator_MediumTests;
			productName = Decorator_MediumTests;
			productReference = 45ACDD6C27749F95002FD587 /* Decorator_MediumTests.xctest */;
			productType = "com.apple.product-type.bundle.unit-test";
		};
		45ACDD7527749F95002FD587 /* Decorator_MediumUITests */ = {
			isa = PBXNativeTarget;
			buildConfigurationList = 45ACDD8627749F95002FD587 /* Build configuration list for PBXNativeTarget "Decorator_MediumUITests" */;
			buildPhases = (
				45ACDD7227749F95002FD587 /* Sources */,
				45ACDD7327749F95002FD587 /* Frameworks */,
				45ACDD7427749F95002FD587 /* Resources */,
			);
			buildRules = (
			);
			dependencies = (
				45ACDD7827749F95002FD587 /* PBXTargetDependency */,
			);
			name = Decorator_MediumUITests;
			productName = Decorator_MediumUITests;
			productReference = 45ACDD7627749F95002FD587 /* Decorator_MediumUITests.xctest */;
			productType = "com.apple.product-type.bundle.ui-testing";
		};
/* End PBXNativeTarget section */

/* Begin PBXProject section */
		45ACDD4E27749F93002FD587 /* Project object */ = {
			isa = PBXProject;
			attributes = {
				BuildIndependentTargetsInParallel = 1;
				LastSwiftUpdateCheck = 1310;
				LastUpgradeCheck = 1310;
				TargetAttributes = {
					45ACDD5527749F94002FD587 = {
						CreatedOnToolsVersion = 13.1;
					};
					45ACDD6B27749F95002FD587 = {
						CreatedOnToolsVersion = 13.1;
						TestTargetID = 45ACDD5527749F94002FD587;
					};
					45ACDD7527749F95002FD587 = {
						CreatedOnToolsVersion = 13.1;
						TestTargetID = 45ACDD5527749F94002FD587;
					};
				};
			};
			buildConfigurationList = 45ACDD5127749F93002FD587 /* Build configuration list for PBXProject "Decorator_Medium" */;
			compatibilityVersion = "Xcode 13.0";
			developmentRegion = en;
			hasScannedForEncodings = 0;
			knownRegions = (
				en,
				Base,
			);
			mainGroup = 45ACDD4D27749F93002FD587;
			productRefGroup = 45ACDD5727749F94002FD587 /* Products */;
			projectDirPath = "";
			projectRoot = "";
			targets = (
				45ACDD5527749F94002FD587 /* Decorator_Medium */,
				45ACDD6B27749F95002FD587 /* Decorator_MediumTests */,
				45ACDD7527749F95002FD587 /* Decorator_MediumUITests */,
			);
		};
/* End PBXProject section */

/* Begin PBXResourcesBuildPhase section */
		45ACDD5427749F94002FD587 /* Resources */ = {
			isa = PBXResourcesBuildPhase;
			buildActionMask = 2147483647;
			files = (
				45ACDD6627749F95002FD587 /* LaunchScreen.storyboard in Resources */,
				45ACDD6327749F95002FD587 /* Assets.xcassets in Resources */,
				45ACDD6127749F94002FD587 /* Main.storyboard in Resources */,
			);
			runOnlyForDeploymentPostprocessing = 0;
		};
		45ACDD6A27749F95002FD587 /* Resources */ = {
			isa = PBXResourcesBuildPhase;
			buildActionMask = 2147483647;
			files = (
			);
			runOnlyForDeploymentPostprocessing = 0;
		};
		45ACDD7427749F95002FD587 /* Resources */ = {
			isa = PBXResourcesBuildPhase;
			buildActionMask = 2147483647;
			files = (
			);
			runOnlyForDeploymentPostprocessing = 0;
		};
/* End PBXResourcesBuildPhase section */

/* Begin PBXSourcesBuildPhase section */
		45ACDD5227749F94002FD587 /* Sources */ = {
			isa = PBXSourcesBuildPhase;
			buildActionMask = 2147483647;
			files = (
				45ACDD8A2774C4F4002FD587 /* ViewControllerDecoratorInterface.swift in Sources */,
				45ACDD5E27749F94002FD587 /* ViewController.swift in Sources */,
				45ACDD8C2774C706002FD587 /* ViewControllerInjector.swift in Sources */,
				45ACDD5A27749F94002FD587 /* AppDelegate.swift in Sources */,
			);
			runOnlyForDeploymentPostprocessing = 0;
		};
		45ACDD6827749F95002FD587 /* Sources */ = {
			isa = PBXSourcesBuildPhase;
			buildActionMask = 2147483647;
			files = (
				45ACDD7127749F95002FD587 /* DecoratorTests.swift in Sources */,
			);
			runOnlyForDeploymentPostprocessing = 0;
		};
		45ACDD7227749F95002FD587 /* Sources */ = {
			isa = PBXSourcesBuildPhase;
			buildActionMask = 2147483647;
			files = (
				45ACDD7B27749F95002FD587 /* Decorator_MediumUITests.swift in Sources */,
				45ACDD7D27749F95002FD587 /* Decorator_MediumUITestsLaunchTests.swift in Sources */,
			);
			runOnlyForDeploymentPostprocessing = 0;
		};
/* End PBXSourcesBuildPhase section */

/* Begin PBXTargetDependency section */
		45ACDD6E27749F95002FD587 /* PBXTargetDependency */ = {
			isa = PBXTargetDependency;
			target = 45ACDD5527749F94002FD587 /* Decorator_Medium */;
			targetProxy = 45ACDD6D27749F95002FD587 /* PBXContainerItemProxy */;
		};
		45ACDD7827749F95002FD587 /* PBXTargetDependency */ = {
			isa = PBXTargetDependency;
			target = 45ACDD5527749F94002FD587 /* Decorator_Medium */;
			targetProxy = 45ACDD7727749F95002FD587 /* PBXContainerItemProxy */;
		};
/* End PBXTargetDependency section */

/* Begin PBXVariantGroup section */
		45ACDD5F27749F94002FD587 /* Main.storyboard */ = {
			isa = PBXVariantGroup;
			children = (
				45ACDD6027749F94002FD587 /* Base */,
			);
			name = Main.storyboard;
			sourceTree = "<group>";
		};
		45ACDD6427749F95002FD587 /* LaunchScreen.storyboard */ = {
			isa = PBXVariantGroup;
			children = (
				45ACDD6527749F95002FD587 /* Base */,
			);
			name = LaunchScreen.storyboard;
			sourceTree = "<group>";
		};
/* End PBXVariantGroup section */

/* Begin XCBuildConfiguration section */
		45ACDD7E27749F95002FD587 /* Debug */ = {
			isa = XCBuildConfiguration;
			buildSettings = {
				ALWAYS_SEARCH_USER_PATHS = NO;
				CLANG_ANALYZER_NONNULL = YES;
				CLANG_ANALYZER_NUMBER_OBJECT_CONVERSION = YES_AGGRESSIVE;
				CLANG_CXX_LANGUAGE_STANDARD = "gnu++17";
				CLANG_CXX_LIBRARY = "libc++";
				CLANG_ENABLE_MODULES = YES;
				CLANG_ENABLE_OBJC_ARC = YES;
				CLANG_ENABLE_OBJC_WEAK = YES;
				CLANG_WARN_BLOCK_CAPTURE_AUTORELEASING = YES;
				CLANG_WARN_BOOL_CONVERSION = YES;
				CLANG_WARN_COMMA = YES;
				CLANG_WARN_CONSTANT_CONVERSION = YES;
				CLANG_WARN_DEPRECATED_OBJC_IMPLEMENTATIONS = YES;
				CLANG_WARN_DIRECT_OBJC_ISA_USAGE = YES_ERROR;
				CLANG_WARN_DOCUMENTATION_COMMENTS = YES;
				CLANG_WARN_EMPTY_BODY = YES;
				CLANG_WARN_ENUM_CONVERSION = YES;
				CLANG_WARN_INFINITE_RECURSION = YES;
				CLANG_WARN_INT_CONVERSION = YES;
				CLANG_WARN_NON_LITERAL_NULL_CONVERSION = YES;
				CLANG_WARN_OBJC_IMPLICIT_RETAIN_SELF = YES;
				CLANG_WARN_OBJC_LITERAL_CONVERSION = YES;
				CLANG_WARN_OBJC_ROOT_CLASS = YES_ERROR;
				CLANG_WARN_QUOTED_INCLUDE_IN_FRAMEWORK_HEADER = YES;
				CLANG_WARN_RANGE_LOOP_ANALYSIS = YES;
				CLANG_WARN_STRICT_PROTOTYPES = YES;
				CLANG_WARN_SUSPICIOUS_MOVE = YES;
				CLANG_WARN_UNGUARDED_AVAILABILITY = YES_AGGRESSIVE;
				CLANG_WARN_UNREACHABLE_CODE = YES;
				CLANG_WARN__DUPLICATE_METHOD_MATCH = YES;
				COPY_PHASE_STRIP = NO;
				DEBUG_INFORMATION_FORMAT = dwarf;
				ENABLE_STRICT_OBJC_MSGSEND = YES;
				ENABLE_TESTABILITY = YES;
				GCC_C_LANGUAGE_STANDARD = gnu11;
				GCC_DYNAMIC_NO_PIC = NO;
				GCC_NO_COMMON_BLOCKS = YES;
				GCC_OPTIMIZATION_LEVEL = 0;
				GCC_PREPROCESSOR_DEFINITIONS = (
					"DEBUG=1",
					"$(inherited)",
				);
				GCC_WARN_64_TO_32_BIT_CONVERSION = YES;
				GCC_WARN_ABOUT_RETURN_TYPE = YES_ERROR;
				GCC_WARN_UNDECLARED_SELECTOR = YES;
				GCC_WARN_UNINITIALIZED_AUTOS = YES_AGGRESSIVE;
				GCC_WARN_UNUSED_FUNCTION = YES;
				GCC_WARN_UNUSED_VARIABLE = YES;
				IPHONEOS_DEPLOYMENT_TARGET = 15.0;
				MTL_ENABLE_DEBUG_INFO = INCLUDE_SOURCE;
				MTL_FAST_MATH = YES;
				ONLY_ACTIVE_ARCH = YES;
				SDKROOT = iphoneos;
				SWIFT_ACTIVE_COMPILATION_CONDITIONS = DEBUG;
				SWIFT_OPTIMIZATION_LEVEL = "-Onone";
			};
			name = Debug;
		};
		45ACDD7F27749F95002FD587 /* Release */ = {
			isa = XCBuildConfiguration;
			buildSettings = {
				ALWAYS_SEARCH_USER_PATHS = NO;
				CLANG_ANALYZER_NONNULL = YES;
				CLANG_ANALYZER_NUMBER_OBJECT_CONVERSION = YES_AGGRESSIVE;
				CLANG_CXX_LANGUAGE_STANDARD = "gnu++17";
				CLANG_CXX_LIBRARY = "libc++";
				CLANG_ENABLE_MODULES = YES;
				CLANG_ENABLE_OBJC_ARC = YES;
				CLANG_ENABLE_OBJC_WEAK = YES;
				CLANG_WARN_BLOCK_CAPTURE_AUTORELEASING = YES;
				CLANG_WARN_BOOL_CONVERSION = YES;
				CLANG_WARN_COMMA = YES;
				CLANG_WARN_CONSTANT_CONVERSION = YES;
				CLANG_WARN_DEPRECATED_OBJC_IMPLEMENTATIONS = YES;
				CLANG_WARN_DIRECT_OBJC_ISA_USAGE = YES_ERROR;
				CLANG_WARN_DOCUMENTATION_COMMENTS = YES;
				CLANG_WARN_EMPTY_BODY = YES;
				CLANG_WARN_ENUM_CONVERSION = YES;
				CLANG_WARN_INFINITE_RECURSION = YES;
				CLANG_WARN_INT_CONVERSION = YES;
				CLANG_WARN_NON_LITERAL_NULL_CONVERSION = YES;
				CLANG_WARN_OBJC_IMPLICIT_RETAIN_SELF = YES;
				CLANG_WARN_OBJC_LITERAL_CONVERSION = YES;
				CLANG_WARN_OBJC_ROOT_CLASS = YES_ERROR;
				CLANG_WARN_QUOTED_INCLUDE_IN_FRAMEWORK_HEADER = YES;
				CLANG_WARN_RANGE_LOOP_ANALYSIS = YES;
				CLANG_WARN_STRICT_PROTOTYPES = YES;
				CLANG_WARN_SUSPICIOUS_MOVE = YES;
				CLANG_WARN_UNGUARDED_AVAILABILITY = YES_AGGRESSIVE;
				CLANG_WARN_UNREACHABLE_CODE = YES;
				CLANG_WARN__DUPLICATE_METHOD_MATCH = YES;
				COPY_PHASE_STRIP = NO;
				DEBUG_INFORMATION_FORMAT = "dwarf-with-dsym";
				ENABLE_NS_ASSERTIONS = NO;
				ENABLE_STRICT_OBJC_MSGSEND = YES;
				GCC_C_LANGUAGE_STANDARD = gnu11;
				GCC_NO_COMMON_BLOCKS = YES;
				GCC_WARN_64_TO_32_BIT_CONVERSION = YES;
				GCC_WARN_ABOUT_RETURN_TYPE = YES_ERROR;
				GCC_WARN_UNDECLARED_SELECTOR = YES;
				GCC_WARN_UNINITIALIZED_AUTOS = YES_AGGRESSIVE;
				GCC_WARN_UNUSED_FUNCTION = YES;
				GCC_WARN_UNUSED_VARIABLE = YES;
				IPHONEOS_DEPLOYMENT_TARGET = 15.0;
				MTL_ENABLE_DEBUG_INFO = NO;
				MTL_FAST_MATH = YES;
				SDKROOT = iphoneos;
				SWIFT_COMPILATION_MODE = wholemodule;
				SWIFT_OPTIMIZATION_LEVEL = "-O";
				VALIDATE_PRODUCT = YES;
			};
			name = Release;
		};
		45ACDD8127749F95002FD587 /* Debug */ = {
			isa = XCBuildConfiguration;
			buildSettings = {
				ASSETCATALOG_COMPILER_APPICON_NAME = AppIcon;
				ASSETCATALOG_COMPILER_GLOBAL_ACCENT_COLOR_NAME = AccentColor;
				CODE_SIGN_STYLE = Automatic;
				CURRENT_PROJECT_VERSION = 1;
				GENERATE_INFOPLIST_FILE = YES;
				INFOPLIST_FILE = Decorator_Medium/Info.plist;
				INFOPLIST_KEY_UIApplicationSupportsIndirectInputEvents = YES;
				INFOPLIST_KEY_UILaunchStoryboardName = LaunchScreen;
				INFOPLIST_KEY_UISupportedInterfaceOrientations_iPad = "UIInterfaceOrientationPortrait UIInterfaceOrientationPortraitUpsideDown UIInterfaceOrientationLandscapeLeft UIInterfaceOrientationLandscapeRight";
				INFOPLIST_KEY_UISupportedInterfaceOrientations_iPhone = "UIInterfaceOrientationPortrait UIInterfaceOrientationLandscapeLeft UIInterfaceOrientationLandscapeRight";
				LD_RUNPATH_SEARCH_PATHS = (
					"$(inherited)",
					"@executable_path/Frameworks",
				);
				MARKETING_VERSION = 1.0;
				PRODUCT_BUNDLE_IDENTIFIER = "Rafal-Prazynski.Decorator-Medium";
				PRODUCT_NAME = "$(TARGET_NAME)";
				SWIFT_EMIT_LOC_STRINGS = YES;
				SWIFT_VERSION = 5.0;
				TARGETED_DEVICE_FAMILY = "1,2";
			};
			name = Debug;
		};
		45ACDD8227749F95002FD587 /* Release */ = {
			isa = XCBuildConfiguration;
			buildSettings = {
				ASSETCATALOG_COMPILER_APPICON_NAME = AppIcon;
				ASSETCATALOG_COMPILER_GLOBAL_ACCENT_COLOR_NAME = AccentColor;
				CODE_SIGN_STYLE = Automatic;
				CURRENT_PROJECT_VERSION = 1;
				GENERATE_INFOPLIST_FILE = YES;
				INFOPLIST_FILE = Decorator_Medium/Info.plist;
				INFOPLIST_KEY_UIApplicationSupportsIndirectInputEvents = YES;
				INFOPLIST_KEY_UILaunchStoryboardName = LaunchScreen;
				INFOPLIST_KEY_UISupportedInterfaceOrientations_iPad = "UIInterfaceOrientationPortrait UIInterfaceOrientationPortraitUpsideDown UIInterfaceOrientationLandscapeLeft UIInterfaceOrientationLandscapeRight";
				INFOPLIST_KEY_UISupportedInterfaceOrientations_iPhone = "UIInterfaceOrientationPortrait UIInterfaceOrientationLandscapeLeft UIInterfaceOrientationLandscapeRight";
				LD_RUNPATH_SEARCH_PATHS = (
					"$(inherited)",
					"@executable_path/Frameworks",
				);
				MARKETING_VERSION = 1.0;
				PRODUCT_BUNDLE_IDENTIFIER = "Rafal-Prazynski.Decorator-Medium";
				PRODUCT_NAME = "$(TARGET_NAME)";
				SWIFT_EMIT_LOC_STRINGS = YES;
				SWIFT_VERSION = 5.0;
				TARGETED_DEVICE_FAMILY = "1,2";
			};
			name = Release;
		};
		45ACDD8427749F95002FD587 /* Debug */ = {
			isa = XCBuildConfiguration;
			buildSettings = {
				ALWAYS_EMBED_SWIFT_STANDARD_LIBRARIES = YES;
				BUNDLE_LOADER = "$(TEST_HOST)";
				CODE_SIGN_STYLE = Automatic;
				CURRENT_PROJECT_VERSION = 1;
				GENERATE_INFOPLIST_FILE = YES;
				IPHONEOS_DEPLOYMENT_TARGET = 15.0;
				LD_RUNPATH_SEARCH_PATHS = (
					"$(inherited)",
					"@executable_path/Frameworks",
					"@loader_path/Frameworks",
				);
				MARKETING_VERSION = 1.0;
				PRODUCT_BUNDLE_IDENTIFIER = "Rafal-Prazynski.Decorator-MediumTests";
				PRODUCT_NAME = "$(TARGET_NAME)";
				SWIFT_EMIT_LOC_STRINGS = NO;
				SWIFT_VERSION = 5.0;
				TARGETED_DEVICE_FAMILY = "1,2";
				TEST_HOST = "$(BUILT_PRODUCTS_DIR)/Decorator_Medium.app/Decorator_Medium";
			};
			name = Debug;
		};
		45ACDD8527749F95002FD587 /* Release */ = {
			isa = XCBuildConfiguration;
			buildSettings = {
				ALWAYS_EMBED_SWIFT_STANDARD_LIBRARIES = YES;
				BUNDLE_LOADER = "$(TEST_HOST)";
				CODE_SIGN_STYLE = Automatic;
				CURRENT_PROJECT_VERSION = 1;
				GENERATE_INFOPLIST_FILE = YES;
				IPHONEOS_DEPLOYMENT_TARGET = 15.0;
				LD_RUNPATH_SEARCH_PATHS = (
					"$(inherited)",
					"@executable_path/Frameworks",
					"@loader_path/Frameworks",
				);
				MARKETING_VERSION = 1.0;
				PRODUCT_BUNDLE_IDENTIFIER = "Rafal-Prazynski.Decorator-MediumTests";
				PRODUCT_NAME = "$(TARGET_NAME)";
				SWIFT_EMIT_LOC_STRINGS = NO;
				SWIFT_VERSION = 5.0;
				TARGETED_DEVICE_FAMILY = "1,2";
				TEST_HOST = "$(BUILT_PRODUCTS_DIR)/Decorator_Medium.app/Decorator_Medium";
			};
			name = Release;
		};
		45ACDD8727749F95002FD587 /* Debug */ = {
			isa = XCBuildConfiguration;
			buildSettings = {
				ALWAYS_EMBED_SWIFT_STANDARD_LIBRARIES = YES;
				CODE_SIGN_STYLE = Automatic;
				CURRENT_PROJECT_VERSION = 1;
				GENERATE_INFOPLIST_FILE = YES;
				LD_RUNPATH_SEARCH_PATHS = (
					"$(inherited)",
					"@executable_path/Frameworks",
					"@loader_path/Frameworks",
				);
				MARKETING_VERSION = 1.0;
				PRODUCT_BUNDLE_IDENTIFIER = "Rafal-Prazynski.Decorator-MediumUITests";
				PRODUCT_NAME = "$(TARGET_NAME)";
				SWIFT_EMIT_LOC_STRINGS = NO;
				SWIFT_VERSION = 5.0;
				TARGETED_DEVICE_FAMILY = "1,2";
				TEST_TARGET_NAME = Decorator_Medium;
			};
			name = Debug;
		};
		45ACDD8827749F95002FD587 /* Release */ = {
			isa = XCBuildConfiguration;
			buildSettings = {
				ALWAYS_EMBED_SWIFT_STANDARD_LIBRARIES = YES;
				CODE_SIGN_STYLE = Automatic;
				CURRENT_PROJECT_VERSION = 1;
				GENERATE_INFOPLIST_FILE = YES;
				LD_RUNPATH_SEARCH_PATHS = (
					"$(inherited)",
					"@executable_path/Frameworks",
					"@loader_path/Frameworks",
				);
				MARKETING_VERSION = 1.0;
				PRODUCT_BUNDLE_IDENTIFIER = "Rafal-Prazynski.Decorator-MediumUITests";
				PRODUCT_NAME = "$(TARGET_NAME)";
				SWIFT_EMIT_LOC_STRINGS = NO;
				SWIFT_VERSION = 5.0;
				TARGETED_DEVICE_FAMILY = "1,2";
				TEST_TARGET_NAME = Decorator_Medium;
			};
			name = Release;
		};
/* End XCBuildConfiguration section */

/* Begin XCConfigurationList section */
		45ACDD5127749F93002FD587 /* Build configuration list for PBXProject "Decorator_Medium" */ = {
			isa = XCConfigurationList;
			buildConfigurations = (
				45ACDD7E27749F95002FD587 /* Debug */,
				45ACDD7F27749F95002FD587 /* Release */,
			);
			defaultConfigurationIsVisible = 0;
			defaultConfigurationName = Release;
		};
		45ACDD8027749F95002FD587 /* Build configuration list for PBXNativeTarget "Decorator_Medium" */ = {
			isa = XCConfigurationList;
			buildConfigurations = (
				45ACDD8127749F95002FD587 /* Debug */,
				45ACDD8227749F95002FD587 /* Release */,
			);
			defaultConfigurationIsVisible = 0;
			defaultConfigurationName = Release;
		};
		45ACDD8327749F95002FD587 /* Build configuration list for PBXNativeTarget "Decorator_MediumTests" */ = {
			isa = XCConfigurationList;
			buildConfigurations = (
				45ACDD8427749F95002FD587 /* Debug */,
				45ACDD8527749F95002FD587 /* Release */,
			);
			defaultConfigurationIsVisible = 0;
			defaultConfigurationName = Release;
		};
		45ACDD8627749F95002FD587 /* Build configuration list for PBXNativeTarget "Decorator_MediumUITests" */ = {
			isa = XCConfigurationList;
			buildConfigurations = (
				45ACDD8727749F95002FD587 /* Debug */,
				45ACDD8827749F95002FD587 /* Release */,
			);
			defaultConfigurationIsVisible = 0;
			defaultConfigurationName = Release;
		};
/* End XCConfigurationList section */
	};
	rootObject = 45ACDD4E27749F93002FD587 /* Project object */;
}
